// !$*UTF8*$!
{
	archiveVersion = 1;
	classes = {
	};
	objectVersion = 56;
	objects = {

/* Begin PBXBuildFile section */
		FB682B392918894A00CEFDE7 /* main.cpp in Sources */ = {isa = PBXBuildFile; fileRef = FB682B382918894A00CEFDE7 /* main.cpp */; };
		FB682B4129188A0300CEFDE7 /* OpenGL.framework in Frameworks */ = {isa = PBXBuildFile; fileRef = FB682B4029188A0300CEFDE7 /* OpenGL.framework */; };
		FB682B4329188A6200CEFDE7 /* libglfw.3.3.dylib in Frameworks */ = {isa = PBXBuildFile; fileRef = FB682B4229188A6200CEFDE7 /* libglfw.3.3.dylib */; };
		FB9C85A42918A107009BC191 /* libembree3.3.13.5.dylib in Frameworks */ = {isa = PBXBuildFile; fileRef = FB9C85A32918A107009BC191 /* libembree3.3.13.5.dylib */; };
/* End PBXBuildFile section */

/* Begin PBXCopyFilesBuildPhase section */
		FB682B332918894A00CEFDE7 /* CopyFiles */ = {
			isa = PBXCopyFilesBuildPhase;
			buildActionMask = 2147483647;
			dstPath = /usr/share/man/man1/;
			dstSubfolderSpec = 0;
			files = (
			);
			runOnlyForDeploymentPostprocessing = 1;
		};
/* End PBXCopyFilesBuildPhase section */

/* Begin PBXFileReference section */
		FB0A8BAE2919ECA60051A1A2 /* Sphere.h */ = {isa = PBXFileReference; lastKnownFileType = sourcecode.c.h; path = Sphere.h; sourceTree = "<group>"; };
		FB682B352918894A00CEFDE7 /* course */ = {isa = PBXFileReference; explicitFileType = "compiled.mach-o.executable"; includeInIndex = 0; path = course; sourceTree = BUILT_PRODUCTS_DIR; };
		FB682B382918894A00CEFDE7 /* main.cpp */ = {isa = PBXFileReference; lastKnownFileType = sourcecode.cpp.cpp; path = main.cpp; sourceTree = "<group>"; };
		FB682B4029188A0300CEFDE7 /* OpenGL.framework */ = {isa = PBXFileReference; lastKnownFileType = wrapper.framework; name = OpenGL.framework; path = System/Library/Frameworks/OpenGL.framework; sourceTree = SDKROOT; };
		FB682B4229188A6200CEFDE7 /* libglfw.3.3.dylib */ = {isa = PBXFileReference; lastKnownFileType = "compiled.mach-o.dylib"; name = libglfw.3.3.dylib; path = ../../../../../../opt/homebrew/Cellar/glfw/3.3.8/lib/libglfw.3.3.dylib; sourceTree = "<group>"; };
		FB9C85A229189FFB009BC191 /* install_requirements.sh */ = {isa = PBXFileReference; lastKnownFileType = text.script.sh; path = install_requirements.sh; sourceTree = "<group>"; };
		FB9C85A32918A107009BC191 /* libembree3.3.13.5.dylib */ = {isa = PBXFileReference; lastKnownFileType = "compiled.mach-o.dylib"; name = libembree3.3.13.5.dylib; path = ../../../../../../opt/homebrew/Cellar/embree/3.13.5/lib/libembree3.3.13.5.dylib; sourceTree = "<group>"; };
/* End PBXFileReference section */

/* Begin PBXFrameworksBuildPhase section */
		FB682B322918894A00CEFDE7 /* Frameworks */ = {
			isa = PBXFrameworksBuildPhase;
			buildActionMask = 2147483647;
			files = (
				FB9C85A42918A107009BC191 /* libembree3.3.13.5.dylib in Frameworks */,
				FB682B4329188A6200CEFDE7 /* libglfw.3.3.dylib in Frameworks */,
				FB682B4129188A0300CEFDE7 /* OpenGL.framework in Frameworks */,
			);
			runOnlyForDeploymentPostprocessing = 0;
		};
/* End PBXFrameworksBuildPhase section */

/* Begin PBXGroup section */
		FB682B2C2918894A00CEFDE7 = {
			isa = PBXGroup;
			children = (
				FB9C85A229189FFB009BC191 /* install_requirements.sh */,
				FB682B372918894A00CEFDE7 /* course */,
				FB682B362918894A00CEFDE7 /* Products */,
				FB682B3F29188A0300CEFDE7 /* Frameworks */,
			);
			sourceTree = "<group>";
		};
		FB682B362918894A00CEFDE7 /* Products */ = {
			isa = PBXGroup;
			children = (
				FB682B352918894A00CEFDE7 /* course */,
			);
			name = Products;
			sourceTree = "<group>";
		};
		FB682B372918894A00CEFDE7 /* course */ = {
			isa = PBXGroup;
			children = (
				FB682B382918894A00CEFDE7 /* main.cpp */,
				FB0A8BAE2919ECA60051A1A2 /* Sphere.h */,
			);
			path = course;
			sourceTree = "<group>";
		};
		FB682B3F29188A0300CEFDE7 /* Frameworks */ = {
			isa = PBXGroup;
			children = (
				FB9C85A32918A107009BC191 /* libembree3.3.13.5.dylib */,
				FB682B4229188A6200CEFDE7 /* libglfw.3.3.dylib */,
				FB682B4029188A0300CEFDE7 /* OpenGL.framework */,
			);
			name = Frameworks;
			sourceTree = "<group>";
		};
/* End PBXGroup section */

/* Begin PBXNativeTarget section */
		FB682B342918894A00CEFDE7 /* course */ = {
			isa = PBXNativeTarget;
			buildConfigurationList = FB682B3C2918894A00CEFDE7 /* Build configuration list for PBXNativeTarget "course" */;
			buildPhases = (
				FB682B312918894A00CEFDE7 /* Sources */,
				FB682B322918894A00CEFDE7 /* Frameworks */,
				FB682B332918894A00CEFDE7 /* CopyFiles */,
			);
			buildRules = (
			);
			dependencies = (
			);
			name = course;
			productName = course;
			productReference = FB682B352918894A00CEFDE7 /* course */;
			productType = "com.apple.product-type.tool";
		};
/* End PBXNativeTarget section */

/* Begin PBXProject section */
		FB682B2D2918894A00CEFDE7 /* Project object */ = {
			isa = PBXProject;
			attributes = {
				BuildIndependentTargetsInParallel = 1;
				LastUpgradeCheck = 1410;
				TargetAttributes = {
					FB682B342918894A00CEFDE7 = {
						CreatedOnToolsVersion = 14.1;
					};
				};
			};
			buildConfigurationList = FB682B302918894A00CEFDE7 /* Build configuration list for PBXProject "course" */;
			compatibilityVersion = "Xcode 14.0";
			developmentRegion = en;
			hasScannedForEncodings = 0;
			knownRegions = (
				en,
				Base,
			);
			mainGroup = FB682B2C2918894A00CEFDE7;
			productRefGroup = FB682B362918894A00CEFDE7 /* Products */;
			projectDirPath = "";
			projectRoot = "";
			targets = (
				FB682B342918894A00CEFDE7 /* course */,
			);
		};
/* End PBXProject section */

/* Begin PBXSourcesBuildPhase section */
		FB682B312918894A00CEFDE7 /* Sources */ = {
			isa = PBXSourcesBuildPhase;
			buildActionMask = 2147483647;
			files = (
				FB682B392918894A00CEFDE7 /* main.cpp in Sources */,
			);
			runOnlyForDeploymentPostprocessing = 0;
		};
/* End PBXSourcesBuildPhase section */

/* Begin XCBuildConfiguration section */
		FB682B3A2918894A00CEFDE7 /* Debug */ = {
			isa = XCBuildConfiguration;
			buildSettings = {
				ALWAYS_SEARCH_USER_PATHS = NO;
				CLANG_ANALYZER_NONNULL = YES;
				CLANG_ANALYZER_NUMBER_OBJECT_CONVERSION = YES_AGGRESSIVE;
				CLANG_CXX_LANGUAGE_STANDARD = "gnu++20";
				CLANG_ENABLE_MODULES = YES;
				CLANG_ENABLE_OBJC_ARC = YES;
				CLANG_ENABLE_OBJC_WEAK = YES;
				CLANG_WARN_BLOCK_CAPTURE_AUTORELEASING = YES;
				CLANG_WARN_BOOL_CONVERSION = YES;
				CLANG_WARN_COMMA = YES;
				CLANG_WARN_CONSTANT_CONVERSION = YES;
				CLANG_WARN_DEPRECATED_OBJC_IMPLEMENTATIONS = YES;
				CLANG_WARN_DIRECT_OBJC_ISA_USAGE = YES_ERROR;
				CLANG_WARN_DOCUMENTATION_COMMENTS = YES;
				CLANG_WARN_EMPTY_BODY = YES;
				CLANG_WARN_ENUM_CONVERSION = YES;
				CLANG_WARN_INFINITE_RECURSION = YES;
				CLANG_WARN_INT_CONVERSION = YES;
				CLANG_WARN_NON_LITERAL_NULL_CONVERSION = YES;
				CLANG_WARN_OBJC_IMPLICIT_RETAIN_SELF = YES;
				CLANG_WARN_OBJC_LITERAL_CONVERSION = YES;
				CLANG_WARN_OBJC_ROOT_CLASS = YES_ERROR;
				CLANG_WARN_QUOTED_INCLUDE_IN_FRAMEWORK_HEADER = YES;
				CLANG_WARN_RANGE_LOOP_ANALYSIS = YES;
				CLANG_WARN_STRICT_PROTOTYPES = YES;
				CLANG_WARN_SUSPICIOUS_MOVE = YES;
				CLANG_WARN_UNGUARDED_AVAILABILITY = YES_AGGRESSIVE;
				CLANG_WARN_UNREACHABLE_CODE = YES;
				CLANG_WARN__DUPLICATE_METHOD_MATCH = YES;
				COPY_PHASE_STRIP = NO;
				DEBUG_INFORMATION_FORMAT = dwarf;
				ENABLE_STRICT_OBJC_MSGSEND = YES;
				ENABLE_TESTABILITY = YES;
				GCC_C_LANGUAGE_STANDARD = gnu11;
				GCC_DYNAMIC_NO_PIC = NO;
				GCC_NO_COMMON_BLOCKS = YES;
				GCC_OPTIMIZATION_LEVEL = 0;
				GCC_PREPROCESSOR_DEFINITIONS = (
					"DEBUG=1",
					"$(inherited)",
				);
				GCC_WARN_64_TO_32_BIT_CONVERSION = YES;
				GCC_WARN_ABOUT_RETURN_TYPE = YES_ERROR;
				GCC_WARN_UNDECLARED_SELECTOR = YES;
				GCC_WARN_UNINITIALIZED_AUTOS = YES_AGGRESSIVE;
				GCC_WARN_UNUSED_FUNCTION = YES;
				GCC_WARN_UNUSED_VARIABLE = YES;
				MACOSX_DEPLOYMENT_TARGET = 13.0;
				MTL_ENABLE_DEBUG_INFO = INCLUDE_SOURCE;
				MTL_FAST_MATH = YES;
				ONLY_ACTIVE_ARCH = YES;
				SDKROOT = macosx;
			};
			name = Debug;
		};
		FB682B3B2918894A00CEFDE7 /* Release */ = {
			isa = XCBuildConfiguration;
			buildSettings = {
				ALWAYS_SEARCH_USER_PATHS = NO;
				CLANG_ANALYZER_NONNULL = YES;
				CLANG_ANALYZER_NUMBER_OBJECT_CONVERSION = YES_AGGRESSIVE;
				CLANG_CXX_LANGUAGE_STANDARD = "gnu++20";
				CLANG_ENABLE_MODULES = YES;
				CLANG_ENABLE_OBJC_ARC = YES;
				CLANG_ENABLE_OBJC_WEAK = YES;
				CLANG_WARN_BLOCK_CAPTURE_AUTORELEASING = YES;
				CLANG_WARN_BOOL_CONVERSION = YES;
				CLANG_WARN_COMMA = YES;
				CLANG_WARN_CONSTANT_CONVERSION = YES;
				CLANG_WARN_DEPRECATED_OBJC_IMPLEMENTATIONS = YES;
				CLANG_WARN_DIRECT_OBJC_ISA_USAGE = YES_ERROR;
				CLANG_WARN_DOCUMENTATION_COMMENTS = YES;
				CLANG_WARN_EMPTY_BODY = YES;
				CLANG_WARN_ENUM_CONVERSION = YES;
				CLANG_WARN_INFINITE_RECURSION = YES;
				CLANG_WARN_INT_CONVERSION = YES;
				CLANG_WARN_NON_LITERAL_NULL_CONVERSION = YES;
				CLANG_WARN_OBJC_IMPLICIT_RETAIN_SELF = YES;
				CLANG_WARN_OBJC_LITERAL_CONVERSION = YES;
				CLANG_WARN_OBJC_ROOT_CLASS = YES_ERROR;
				CLANG_WARN_QUOTED_INCLUDE_IN_FRAMEWORK_HEADER = YES;
				CLANG_WARN_RANGE_LOOP_ANALYSIS = YES;
				CLANG_WARN_STRICT_PROTOTYPES = YES;
				CLANG_WARN_SUSPICIOUS_MOVE = YES;
				CLANG_WARN_UNGUARDED_AVAILABILITY = YES_AGGRESSIVE;
				CLANG_WARN_UNREACHABLE_CODE = YES;
				CLANG_WARN__DUPLICATE_METHOD_MATCH = YES;
				COPY_PHASE_STRIP = NO;
				DEBUG_INFORMATION_FORMAT = "dwarf-with-dsym";
				ENABLE_NS_ASSERTIONS = NO;
				ENABLE_STRICT_OBJC_MSGSEND = YES;
				GCC_C_LANGUAGE_STANDARD = gnu11;
				GCC_NO_COMMON_BLOCKS = YES;
				GCC_WARN_64_TO_32_BIT_CONVERSION = YES;
				GCC_WARN_ABOUT_RETURN_TYPE = YES_ERROR;
				GCC_WARN_UNDECLARED_SELECTOR = YES;
				GCC_WARN_UNINITIALIZED_AUTOS = YES_AGGRESSIVE;
				GCC_WARN_UNUSED_FUNCTION = YES;
				GCC_WARN_UNUSED_VARIABLE = YES;
				MACOSX_DEPLOYMENT_TARGET = 13.0;
				MTL_ENABLE_DEBUG_INFO = NO;
				MTL_FAST_MATH = YES;
				SDKROOT = macosx;
			};
			name = Release;
		};
		FB682B3D2918894A00CEFDE7 /* Debug */ = {
			isa = XCBuildConfiguration;
			buildSettings = {
				CODE_SIGN_STYLE = Automatic;
				"HEADER_SEARCH_PATHS[arch=*]" = (
					/opt/homebrew/Cellar/glm/0.9.9.8/include,
					/opt/homebrew/Cellar/glfw/3.3.8/include,
					/opt/homebrew/Cellar/embree/3.13.5/include,
				);
				LIBRARY_SEARCH_PATHS = (
					"$(inherited)",
					/opt/homebrew/Cellar/glfw/3.3.8/lib,
					/opt/homebrew/Cellar/embree/3.13.5/lib,
				);
				PRODUCT_NAME = "$(TARGET_NAME)";
			};
			name = Debug;
		};
		FB682B3E2918894A00CEFDE7 /* Release */ = {
			isa = XCBuildConfiguration;
			buildSettings = {
				CODE_SIGN_STYLE = Automatic;
				LIBRARY_SEARCH_PATHS = (
					"$(inherited)",
					/opt/homebrew/Cellar/glfw/3.3.8/lib,
					/opt/homebrew/Cellar/embree/3.13.5/lib,
				);
				PRODUCT_NAME = "$(TARGET_NAME)";
			};
			name = Release;
		};
/* End XCBuildConfiguration section */

/* Begin XCConfigurationList section */
		FB682B302918894A00CEFDE7 /* Build configuration list for PBXProject "course" */ = {
			isa = XCConfigurationList;
			buildConfigurations = (
				FB682B3A2918894A00CEFDE7 /* Debug */,
				FB682B3B2918894A00CEFDE7 /* Release */,
			);
			defaultConfigurationIsVisible = 0;
			defaultConfigurationName = Release;
		};
		FB682B3C2918894A00CEFDE7 /* Build configuration list for PBXNativeTarget "course" */ = {
			isa = XCConfigurationList;
			buildConfigurations = (
				FB682B3D2918894A00CEFDE7 /* Debug */,
				FB682B3E2918894A00CEFDE7 /* Release */,
			);
			defaultConfigurationIsVisible = 0;
			defaultConfigurationName = Release;
		};
/* End XCConfigurationList section */
	};
	rootObject = FB682B2D2918894A00CEFDE7 /* Project object */;
}
